// !$*UTF8*$!
{
	archiveVersion = 1;
	classes = {
	};
	objectVersion = 56;
	objects = {

/* Begin PBXBuildFile section */
		600E0E142C2B48B7005A0EAC /* LandmarkedApp.swift in Sources */ = {isa = PBXBuildFile; fileRef = 600E0E132C2B48B7005A0EAC /* LandmarkedApp.swift */; };
		600E0E162C2B48B7005A0EAC /* ContentView.swift in Sources */ = {isa = PBXBuildFile; fileRef = 600E0E152C2B48B7005A0EAC /* ContentView.swift */; };
		600E0E1B2C2B48B8005A0EAC /* Preview Assets.xcassets in Resources */ = {isa = PBXBuildFile; fileRef = 600E0E1A2C2B48B8005A0EAC /* Preview Assets.xcassets */; };
		600E0E222C2B4A6A005A0EAC /* Assets.xcassets in Resources */ = {isa = PBXBuildFile; fileRef = 600E0E212C2B4A6A005A0EAC /* Assets.xcassets */; };
		600E0E272C2B4A93005A0EAC /* Location.swift in Sources */ = {isa = PBXBuildFile; fileRef = 600E0E262C2B4A93005A0EAC /* Location.swift */; };
		600E0E2A2C2B4ADF005A0EAC /* LocationsDataService.swift in Sources */ = {isa = PBXBuildFile; fileRef = 600E0E292C2B4ADF005A0EAC /* LocationsDataService.swift */; };
		600E0E2C2C2C55FF005A0EAC /* LocationsView.swift in Sources */ = {isa = PBXBuildFile; fileRef = 600E0E2B2C2C55FF005A0EAC /* LocationsView.swift */; };
		600E0E2E2C2C5887005A0EAC /* LocationsViewModel.swift in Sources */ = {isa = PBXBuildFile; fileRef = 600E0E2D2C2C5887005A0EAC /* LocationsViewModel.swift */; };
		600E0E302C2C96FA005A0EAC /* LocationsListView.swift in Sources */ = {isa = PBXBuildFile; fileRef = 600E0E2F2C2C96FA005A0EAC /* LocationsListView.swift */; };
		600E0E322C2DDB5A005A0EAC /* LocationPreviewView.swift in Sources */ = {isa = PBXBuildFile; fileRef = 600E0E312C2DDB5A005A0EAC /* LocationPreviewView.swift */; };
		600E0E342C2DEAC7005A0EAC /* LocationMapAnnotationView.swift in Sources */ = {isa = PBXBuildFile; fileRef = 600E0E332C2DEAC7005A0EAC /* LocationMapAnnotationView.swift */; };
		600E0E362C383F9F005A0EAC /* LocationDetailsView.swift in Sources */ = {isa = PBXBuildFile; fileRef = 600E0E352C383F9F005A0EAC /* LocationDetailsView.swift */; };
/* End PBXBuildFile section */

/* Begin PBXFileReference section */
		600E0E102C2B48B7005A0EAC /* Landmarked.app */ = {isa = PBXFileReference; explicitFileType = wrapper.application; includeInIndex = 0; path = Landmarked.app; sourceTree = BUILT_PRODUCTS_DIR; };
		600E0E132C2B48B7005A0EAC /* LandmarkedApp.swift */ = {isa = PBXFileReference; lastKnownFileType = sourcecode.swift; path = LandmarkedApp.swift; sourceTree = "<group>"; };
		600E0E152C2B48B7005A0EAC /* ContentView.swift */ = {isa = PBXFileReference; lastKnownFileType = sourcecode.swift; path = ContentView.swift; sourceTree = "<group>"; };
		600E0E1A2C2B48B8005A0EAC /* Preview Assets.xcassets */ = {isa = PBXFileReference; lastKnownFileType = folder.assetcatalog; path = "Preview Assets.xcassets"; sourceTree = "<group>"; };
		600E0E212C2B4A6A005A0EAC /* Assets.xcassets */ = {isa = PBXFileReference; lastKnownFileType = folder.assetcatalog; path = Assets.xcassets; sourceTree = "<group>"; };
		600E0E262C2B4A93005A0EAC /* Location.swift */ = {isa = PBXFileReference; lastKnownFileType = sourcecode.swift; path = Location.swift; sourceTree = "<group>"; };
		600E0E292C2B4ADF005A0EAC /* LocationsDataService.swift */ = {isa = PBXFileReference; fileEncoding = 4; lastKnownFileType = sourcecode.swift; path = LocationsDataService.swift; sourceTree = "<group>"; };
		600E0E2B2C2C55FF005A0EAC /* LocationsView.swift */ = {isa = PBXFileReference; lastKnownFileType = sourcecode.swift; path = LocationsView.swift; sourceTree = "<group>"; };
		600E0E2D2C2C5887005A0EAC /* LocationsViewModel.swift */ = {isa = PBXFileReference; lastKnownFileType = sourcecode.swift; path = LocationsViewModel.swift; sourceTree = "<group>"; };
		600E0E2F2C2C96FA005A0EAC /* LocationsListView.swift */ = {isa = PBXFileReference; lastKnownFileType = sourcecode.swift; path = LocationsListView.swift; sourceTree = "<group>"; };
		600E0E312C2DDB5A005A0EAC /* LocationPreviewView.swift */ = {isa = PBXFileReference; lastKnownFileType = sourcecode.swift; path = LocationPreviewView.swift; sourceTree = "<group>"; };
		600E0E332C2DEAC7005A0EAC /* LocationMapAnnotationView.swift */ = {isa = PBXFileReference; lastKnownFileType = sourcecode.swift; path = LocationMapAnnotationView.swift; sourceTree = "<group>"; };
		600E0E352C383F9F005A0EAC /* LocationDetailsView.swift */ = {isa = PBXFileReference; lastKnownFileType = sourcecode.swift; path = LocationDetailsView.swift; sourceTree = "<group>"; };
/* End PBXFileReference section */

/* Begin PBXFrameworksBuildPhase section */
		600E0E0D2C2B48B7005A0EAC /* Frameworks */ = {
			isa = PBXFrameworksBuildPhase;
			buildActionMask = 2147483647;
			files = (
			);
			runOnlyForDeploymentPostprocessing = 0;
		};
/* End PBXFrameworksBuildPhase section */

/* Begin PBXGroup section */
		600E0E072C2B48B7005A0EAC = {
			isa = PBXGroup;
			children = (
				600E0E122C2B48B7005A0EAC /* Landmarked */,
				600E0E112C2B48B7005A0EAC /* Products */,
			);
			sourceTree = "<group>";
		};
		600E0E112C2B48B7005A0EAC /* Products */ = {
			isa = PBXGroup;
			children = (
				600E0E102C2B48B7005A0EAC /* Landmarked.app */,
			);
			name = Products;
			sourceTree = "<group>";
		};
		600E0E122C2B48B7005A0EAC /* Landmarked */ = {
			isa = PBXGroup;
			children = (
				600E0E132C2B48B7005A0EAC /* LandmarkedApp.swift */,
				600E0E152C2B48B7005A0EAC /* ContentView.swift */,
				600E0E282C2B4AD1005A0EAC /* DataServices */,
				600E0E242C2B4A7F005A0EAC /* View */,
				600E0E252C2B4A84005A0EAC /* ViewModel */,
				600E0E232C2B4A76005A0EAC /* Model */,
				600E0E212C2B4A6A005A0EAC /* Assets.xcassets */,
				600E0E192C2B48B8005A0EAC /* Preview Content */,
			);
			path = Landmarked;
			sourceTree = "<group>";
		};
		600E0E192C2B48B8005A0EAC /* Preview Content */ = {
			isa = PBXGroup;
			children = (
				600E0E1A2C2B48B8005A0EAC /* Preview Assets.xcassets */,
			);
			path = "Preview Content";
			sourceTree = "<group>";
		};
		600E0E232C2B4A76005A0EAC /* Model */ = {
			isa = PBXGroup;
			children = (
				600E0E262C2B4A93005A0EAC /* Location.swift */,
			);
			path = Model;
			sourceTree = "<group>";
		};
		600E0E242C2B4A7F005A0EAC /* View */ = {
			isa = PBXGroup;
			children = (
				600E0E2B2C2C55FF005A0EAC /* LocationsView.swift */,
				600E0E2F2C2C96FA005A0EAC /* LocationsListView.swift */,
				600E0E312C2DDB5A005A0EAC /* LocationPreviewView.swift */,
				600E0E332C2DEAC7005A0EAC /* LocationMapAnnotationView.swift */,
				600E0E352C383F9F005A0EAC /* LocationDetailsView.swift */,
			);
			path = View;
			sourceTree = "<group>";
		};
		600E0E252C2B4A84005A0EAC /* ViewModel */ = {
			isa = PBXGroup;
			children = (
				600E0E2D2C2C5887005A0EAC /* LocationsViewModel.swift */,
			);
			path = ViewModel;
			sourceTree = "<group>";
		};
		600E0E282C2B4AD1005A0EAC /* DataServices */ = {
			isa = PBXGroup;
			children = (
				600E0E292C2B4ADF005A0EAC /* LocationsDataService.swift */,
			);
			path = DataServices;
			sourceTree = "<group>";
		};
/* End PBXGroup section */

/* Begin PBXNativeTarget section */
		600E0E0F2C2B48B7005A0EAC /* Landmarked */ = {
			isa = PBXNativeTarget;
			buildConfigurationList = 600E0E1E2C2B48B8005A0EAC /* Build configuration list for PBXNativeTarget "Landmarked" */;
			buildPhases = (
				600E0E0C2C2B48B7005A0EAC /* Sources */,
				600E0E0D2C2B48B7005A0EAC /* Frameworks */,
				600E0E0E2C2B48B7005A0EAC /* Resources */,
			);
			buildRules = (
			);
			dependencies = (
			);
			name = Landmarked;
			productName = Landmarked;
			productReference = 600E0E102C2B48B7005A0EAC /* Landmarked.app */;
			productType = "com.apple.product-type.application";
		};
/* End PBXNativeTarget section */

/* Begin PBXProject section */
		600E0E082C2B48B7005A0EAC /* Project object */ = {
			isa = PBXProject;
			attributes = {
				BuildIndependentTargetsInParallel = 1;
				LastSwiftUpdateCheck = 1530;
				LastUpgradeCheck = 1530;
				TargetAttributes = {
					600E0E0F2C2B48B7005A0EAC = {
						CreatedOnToolsVersion = 15.3;
					};
				};
			};
			buildConfigurationList = 600E0E0B2C2B48B7005A0EAC /* Build configuration list for PBXProject "Landmarked" */;
			compatibilityVersion = "Xcode 14.0";
			developmentRegion = en;
			hasScannedForEncodings = 0;
			knownRegions = (
				en,
				Base,
			);
			mainGroup = 600E0E072C2B48B7005A0EAC;
			productRefGroup = 600E0E112C2B48B7005A0EAC /* Products */;
			projectDirPath = "";
			projectRoot = "";
			targets = (
				600E0E0F2C2B48B7005A0EAC /* Landmarked */,
			);
		};
/* End PBXProject section */

/* Begin PBXResourcesBuildPhase section */
		600E0E0E2C2B48B7005A0EAC /* Resources */ = {
			isa = PBXResourcesBuildPhase;
			buildActionMask = 2147483647;
			files = (
				600E0E222C2B4A6A005A0EAC /* Assets.xcassets in Resources */,
				600E0E1B2C2B48B8005A0EAC /* Preview Assets.xcassets in Resources */,
			);
			runOnlyForDeploymentPostprocessing = 0;
		};
/* End PBXResourcesBuildPhase section */

/* Begin PBXSourcesBuildPhase section */
		600E0E0C2C2B48B7005A0EAC /* Sources */ = {
			isa = PBXSourcesBuildPhase;
			buildActionMask = 2147483647;
			files = (
				600E0E362C383F9F005A0EAC /* LocationDetailsView.swift in Sources */,
				600E0E2A2C2B4ADF005A0EAC /* LocationsDataService.swift in Sources */,
				600E0E342C2DEAC7005A0EAC /* LocationMapAnnotationView.swift in Sources */,
				600E0E302C2C96FA005A0EAC /* LocationsListView.swift in Sources */,
				600E0E322C2DDB5A005A0EAC /* LocationPreviewView.swift in Sources */,
				600E0E2E2C2C5887005A0EAC /* LocationsViewModel.swift in Sources */,
				600E0E162C2B48B7005A0EAC /* ContentView.swift in Sources */,
				600E0E2C2C2C55FF005A0EAC /* LocationsView.swift in Sources */,
				600E0E272C2B4A93005A0EAC /* Location.swift in Sources */,
				600E0E142C2B48B7005A0EAC /* LandmarkedApp.swift in Sources */,
			);
			runOnlyForDeploymentPostprocessing = 0;
		};
/* End PBXSourcesBuildPhase section */

/* Begin XCBuildConfiguration section */
		600E0E1C2C2B48B8005A0EAC /* Debug */ = {
			isa = XCBuildConfiguration;
			buildSettings = {
				ALWAYS_SEARCH_USER_PATHS = NO;
				ASSETCATALOG_COMPILER_GENERATE_SWIFT_ASSET_SYMBOL_EXTENSIONS = YES;
				CLANG_ANALYZER_NONNULL = YES;
				CLANG_ANALYZER_NUMBER_OBJECT_CONVERSION = YES_AGGRESSIVE;
				CLANG_CXX_LANGUAGE_STANDARD = "gnu++20";
				CLANG_ENABLE_MODULES = YES;
				CLANG_ENABLE_OBJC_ARC = YES;
				CLANG_ENABLE_OBJC_WEAK = YES;
				CLANG_WARN_BLOCK_CAPTURE_AUTORELEASING = YES;
				CLANG_WARN_BOOL_CONVERSION = YES;
				CLANG_WARN_COMMA = YES;
				CLANG_WARN_CONSTANT_CONVERSION = YES;
				CLANG_WARN_DEPRECATED_OBJC_IMPLEMENTATIONS = YES;
				CLANG_WARN_DIRECT_OBJC_ISA_USAGE = YES_ERROR;
				CLANG_WARN_DOCUMENTATION_COMMENTS = YES;
				CLANG_WARN_EMPTY_BODY = YES;
				CLANG_WARN_ENUM_CONVERSION = YES;
				CLANG_WARN_INFINITE_RECURSION = YES;
				CLANG_WARN_INT_CONVERSION = YES;
				CLANG_WARN_NON_LITERAL_NULL_CONVERSION = YES;
				CLANG_WARN_OBJC_IMPLICIT_RETAIN_SELF = YES;
				CLANG_WARN_OBJC_LITERAL_CONVERSION = YES;
				CLANG_WARN_OBJC_ROOT_CLASS = YES_ERROR;
				CLANG_WARN_QUOTED_INCLUDE_IN_FRAMEWORK_HEADER = YES;
				CLANG_WARN_RANGE_LOOP_ANALYSIS = YES;
				CLANG_WARN_STRICT_PROTOTYPES = YES;
				CLANG_WARN_SUSPICIOUS_MOVE = YES;
				CLANG_WARN_UNGUARDED_AVAILABILITY = YES_AGGRESSIVE;
				CLANG_WARN_UNREACHABLE_CODE = YES;
				CLANG_WARN__DUPLICATE_METHOD_MATCH = YES;
				COPY_PHASE_STRIP = NO;
				DEBUG_INFORMATION_FORMAT = dwarf;
				ENABLE_STRICT_OBJC_MSGSEND = YES;
				ENABLE_TESTABILITY = YES;
				ENABLE_USER_SCRIPT_SANDBOXING = YES;
				GCC_C_LANGUAGE_STANDARD = gnu17;
				GCC_DYNAMIC_NO_PIC = NO;
				GCC_NO_COMMON_BLOCKS = YES;
				GCC_OPTIMIZATION_LEVEL = 0;
				GCC_PREPROCESSOR_DEFINITIONS = (
					"DEBUG=1",
					"$(inherited)",
				);
				GCC_WARN_64_TO_32_BIT_CONVERSION = YES;
				GCC_WARN_ABOUT_RETURN_TYPE = YES_ERROR;
				GCC_WARN_UNDECLARED_SELECTOR = YES;
				GCC_WARN_UNINITIALIZED_AUTOS = YES_AGGRESSIVE;
				GCC_WARN_UNUSED_FUNCTION = YES;
				GCC_WARN_UNUSED_VARIABLE = YES;
				IPHONEOS_DEPLOYMENT_TARGET = 17.4;
				LOCALIZATION_PREFERS_STRING_CATALOGS = YES;
				MTL_ENABLE_DEBUG_INFO = INCLUDE_SOURCE;
				MTL_FAST_MATH = YES;
				ONLY_ACTIVE_ARCH = YES;
				SDKROOT = iphoneos;
				SWIFT_ACTIVE_COMPILATION_CONDITIONS = "DEBUG $(inherited)";
				SWIFT_OPTIMIZATION_LEVEL = "-Onone";
			};
			name = Debug;
		};
		600E0E1D2C2B48B8005A0EAC /* Release */ = {
			isa = XCBuildConfiguration;
			buildSettings = {
				ALWAYS_SEARCH_USER_PATHS = NO;
				ASSETCATALOG_COMPILER_GENERATE_SWIFT_ASSET_SYMBOL_EXTENSIONS = YES;
				CLANG_ANALYZER_NONNULL = YES;
				CLANG_ANALYZER_NUMBER_OBJECT_CONVERSION = YES_AGGRESSIVE;
				CLANG_CXX_LANGUAGE_STANDARD = "gnu++20";
				CLANG_ENABLE_MODULES = YES;
				CLANG_ENABLE_OBJC_ARC = YES;
				CLANG_ENABLE_OBJC_WEAK = YES;
				CLANG_WARN_BLOCK_CAPTURE_AUTORELEASING = YES;
				CLANG_WARN_BOOL_CONVERSION = YES;
				CLANG_WARN_COMMA = YES;
				CLANG_WARN_CONSTANT_CONVERSION = YES;
				CLANG_WARN_DEPRECATED_OBJC_IMPLEMENTATIONS = YES;
				CLANG_WARN_DIRECT_OBJC_ISA_USAGE = YES_ERROR;
				CLANG_WARN_DOCUMENTATION_COMMENTS = YES;
				CLANG_WARN_EMPTY_BODY = YES;
				CLANG_WARN_ENUM_CONVERSION = YES;
				CLANG_WARN_INFINITE_RECURSION = YES;
				CLANG_WARN_INT_CONVERSION = YES;
				CLANG_WARN_NON_LITERAL_NULL_CONVERSION = YES;
				CLANG_WARN_OBJC_IMPLICIT_RETAIN_SELF = YES;
				CLANG_WARN_OBJC_LITERAL_CONVERSION = YES;
				CLANG_WARN_OBJC_ROOT_CLASS = YES_ERROR;
				CLANG_WARN_QUOTED_INCLUDE_IN_FRAMEWORK_HEADER = YES;
				CLANG_WARN_RANGE_LOOP_ANALYSIS = YES;
				CLANG_WARN_STRICT_PROTOTYPES = YES;
				CLANG_WARN_SUSPICIOUS_MOVE = YES;
				CLANG_WARN_UNGUARDED_AVAILABILITY = YES_AGGRESSIVE;
				CLANG_WARN_UNREACHABLE_CODE = YES;
				CLANG_WARN__DUPLICATE_METHOD_MATCH = YES;
				COPY_PHASE_STRIP = NO;
				DEBUG_INFORMATION_FORMAT = "dwarf-with-dsym";
				ENABLE_NS_ASSERTIONS = NO;
				ENABLE_STRICT_OBJC_MSGSEND = YES;
				ENABLE_USER_SCRIPT_SANDBOXING = YES;
				GCC_C_LANGUAGE_STANDARD = gnu17;
				GCC_NO_COMMON_BLOCKS = YES;
				GCC_WARN_64_TO_32_BIT_CONVERSION = YES;
				GCC_WARN_ABOUT_RETURN_TYPE = YES_ERROR;
				GCC_WARN_UNDECLARED_SELECTOR = YES;
				GCC_WARN_UNINITIALIZED_AUTOS = YES_AGGRESSIVE;
				GCC_WARN_UNUSED_FUNCTION = YES;
				GCC_WARN_UNUSED_VARIABLE = YES;
				IPHONEOS_DEPLOYMENT_TARGET = 17.4;
				LOCALIZATION_PREFERS_STRING_CATALOGS = YES;
				MTL_ENABLE_DEBUG_INFO = NO;
				MTL_FAST_MATH = YES;
				SDKROOT = iphoneos;
				SWIFT_COMPILATION_MODE = wholemodule;
				VALIDATE_PRODUCT = YES;
			};
			name = Release;
		};
		600E0E1F2C2B48B8005A0EAC /* Debug */ = {
			isa = XCBuildConfiguration;
			buildSettings = {
				ASSETCATALOG_COMPILER_APPICON_NAME = AppIcon;
				ASSETCATALOG_COMPILER_GLOBAL_ACCENT_COLOR_NAME = AccentColor;
				CODE_SIGN_STYLE = Automatic;
				CURRENT_PROJECT_VERSION = 2;
				DEVELOPMENT_ASSET_PATHS = "\"Landmarked/Preview Content\"";
				DEVELOPMENT_TEAM = BB6LM8B4SH;
				ENABLE_PREVIEWS = YES;
				GENERATE_INFOPLIST_FILE = YES;
				INFOPLIST_KEY_UIApplicationSceneManifest_Generation = YES;
				INFOPLIST_KEY_UIApplicationSupportsIndirectInputEvents = YES;
				INFOPLIST_KEY_UILaunchScreen_Generation = YES;
				INFOPLIST_KEY_UISupportedInterfaceOrientations_iPad = "UIInterfaceOrientationPortrait UIInterfaceOrientationPortraitUpsideDown UIInterfaceOrientationLandscapeLeft UIInterfaceOrientationLandscapeRight";
				INFOPLIST_KEY_UISupportedInterfaceOrientations_iPhone = "UIInterfaceOrientationPortrait UIInterfaceOrientationLandscapeLeft UIInterfaceOrientationLandscapeRight";
				LD_RUNPATH_SEARCH_PATHS = (
					"$(inherited)",
					"@executable_path/Frameworks",
				);
				MARKETING_VERSION = 0.2.0;
				PRODUCT_BUNDLE_IDENTIFIER = com.ramirez.wilson.Landmarked;
				PRODUCT_NAME = "$(TARGET_NAME)";
				SWIFT_EMIT_LOC_STRINGS = YES;
				SWIFT_VERSION = 5.0;
				TARGETED_DEVICE_FAMILY = "1,2";
			};
			name = Debug;
		};
		600E0E202C2B48B8005A0EAC /* Release */ = {
			isa = XCBuildConfiguration;
			buildSettings = {
				ASSETCATALOG_COMPILER_APPICON_NAME = AppIcon;
				ASSETCATALOG_COMPILER_GLOBAL_ACCENT_COLOR_NAME = AccentColor;
				CODE_SIGN_STYLE = Automatic;
				CURRENT_PROJECT_VERSION = 2;
				DEVELOPMENT_ASSET_PATHS = "\"Landmarked/Preview Content\"";
				DEVELOPMENT_TEAM = BB6LM8B4SH;
				ENABLE_PREVIEWS = YES;
				GENERATE_INFOPLIST_FILE = YES;
				INFOPLIST_KEY_UIApplicationSceneManifest_Generation = YES;
				INFOPLIST_KEY_UIApplicationSupportsIndirectInputEvents = YES;
				INFOPLIST_KEY_UILaunchScreen_Generation = YES;
				INFOPLIST_KEY_UISupportedInterfaceOrientations_iPad = "UIInterfaceOrientationPortrait UIInterfaceOrientationPortraitUpsideDown UIInterfaceOrientationLandscapeLeft UIInterfaceOrientationLandscapeRight";
				INFOPLIST_KEY_UISupportedInterfaceOrientations_iPhone = "UIInterfaceOrientationPortrait UIInterfaceOrientationLandscapeLeft UIInterfaceOrientationLandscapeRight";
				LD_RUNPATH_SEARCH_PATHS = (
					"$(inherited)",
					"@executable_path/Frameworks",
				);
				MARKETING_VERSION = 0.2.0;
				PRODUCT_BUNDLE_IDENTIFIER = com.ramirez.wilson.Landmarked;
				PRODUCT_NAME = "$(TARGET_NAME)";
				SWIFT_EMIT_LOC_STRINGS = YES;
				SWIFT_VERSION = 5.0;
				TARGETED_DEVICE_FAMILY = "1,2";
			};
			name = Release;
		};
/* End XCBuildConfiguration section */

/* Begin XCConfigurationList section */
		600E0E0B2C2B48B7005A0EAC /* Build configuration list for PBXProject "Landmarked" */ = {
			isa = XCConfigurationList;
			buildConfigurations = (
				600E0E1C2C2B48B8005A0EAC /* Debug */,
				600E0E1D2C2B48B8005A0EAC /* Release */,
			);
			defaultConfigurationIsVisible = 0;
			defaultConfigurationName = Release;
		};
		600E0E1E2C2B48B8005A0EAC /* Build configuration list for PBXNativeTarget "Landmarked" */ = {
			isa = XCConfigurationList;
			buildConfigurations = (
				600E0E1F2C2B48B8005A0EAC /* Debug */,
				600E0E202C2B48B8005A0EAC /* Release */,
			);
			defaultConfigurationIsVisible = 0;
			defaultConfigurationName = Release;
		};
/* End XCConfigurationList section */
	};
	rootObject = 600E0E082C2B48B7005A0EAC /* Project object */;
}
